
Microsoft Visual Studio Solution File, Format Version 12.00
# Visual Studio 15
VisualStudioVersion = 15.0.28307.572
MinimumVisualStudioVersion = 10.0.40219.1
Project("{FAE04EC0-301F-11D3-BF4B-00C04F79EFBC}") = "OutlookRobot", "OutlookRobot\OutlookRobot.csproj", "{20478068-E04F-4C24-BF3F-9263A29F507F}"
EndProject
Global
	GlobalSection(SolutionConfigurationPlatforms) = preSolution
		Debug|Any CPU = Debug|Any CPU
		Release|Any CPU = Release|Any CPU
	EndGlobalSection
	GlobalSection(ProjectConfigurationPlatforms) = postSolution
		{20478068-E04F-4C24-BF3F-9263A29F507F}.Debug|Any CPU.ActiveCfg = Debug|Any CPU
		{20478068-E04F-4C24-BF3F-9263A29F507F}.Debug|Any CPU.Build.0 = Debug|Any CPU
		{20478068-E04F-4C24-BF3F-9263A29F507F}.Release|Any CPU.ActiveCfg = Release|Any CPU
		{20478068-E04F-4C24-BF3F-9263A29F507F}.Release|Any CPU.Build.0 = Release|Any CPU
	EndGlobalSection
	GlobalSection(SolutionProperties) = preSolution
		HideSolutionNode = FALSE
	EndGlobalSection
	GlobalSection(ExtensibilityGlobals) = postSolution
		SolutionGuid = {76E95E4B-B00C-4421-9210-D4E4640323B8}
	EndGlobalSection
EndGlobal
